
Microsoft Visual Studio Solution File, Format Version 12.00
# Visual Studio 2012
Project("{FAE04EC0-301F-11D3-BF4B-00C04F79EFBC}") = "Demo", "Tab\Demo.csproj", "{D1EEB0E1-D955-453C-B84B-0331C3A3ED66}"
EndProject
Global
	GlobalSection(SolutionConfigurationPlatforms) = preSolution
		Debug|Any CPU = Debug|Any CPU
		Release|Any CPU = Release|Any CPU
	EndGlobalSection
	GlobalSection(ProjectConfigurationPlatforms) = postSolution
		{D1EEB0E1-D955-453C-B84B-0331C3A3ED66}.Debug|Any CPU.ActiveCfg = Debug|Any CPU
		{D1EEB0E1-D955-453C-B84B-0331C3A3ED66}.Debug|Any CPU.Build.0 = Debug|Any CPU
		{D1EEB0E1-D955-453C-B84B-0331C3A3ED66}.Release|Any CPU.ActiveCfg = Release|Any CPU
		{D1EEB0E1-D955-453C-B84B-0331C3A3ED66}.Release|Any CPU.Build.0 = Release|Any CPU
	EndGlobalSection
	GlobalSection(MonoDevelopProperties) = preSolution
		StartupItem = Tab\Demo.csproj
	EndGlobalSection
EndGlobal
